
Microsoft Visual Studio Solution File, Format Version 12.00
# Visual Studio Version 17
VisualStudioVersion = 17.1.32210.238
MinimumVisualStudioVersion = 10.0.40219.1
Project("{FAE04EC0-301F-11D3-BF4B-00C04F79EFBC}") = "CalculatorProject", "CalculatorProject.csproj", "{ABD33154-7CDB-45E7-9F34-6D235C840596}"
EndProject
Global
	GlobalSection(SolutionConfigurationPlatforms) = preSolution
		Debug|Any CPU = Debug|Any CPU
		Release|Any CPU = Release|Any CPU
	EndGlobalSection
	GlobalSection(ProjectConfigurationPlatforms) = postSolution
		{ABD33154-7CDB-45E7-9F34-6D235C840596}.Debug|Any CPU.ActiveCfg = Debug|Any CPU
		{ABD33154-7CDB-45E7-9F34-6D235C840596}.Debug|Any CPU.Build.0 = Debug|Any CPU
		{ABD33154-7CDB-45E7-9F34-6D235C840596}.Release|Any CPU.ActiveCfg = Release|Any CPU
		{ABD33154-7CDB-45E7-9F34-6D235C840596}.Release|Any CPU.Build.0 = Release|Any CPU
	EndGlobalSection
	GlobalSection(SolutionProperties) = preSolution
		HideSolutionNode = FALSE
	EndGlobalSection
	GlobalSection(ExtensibilityGlobals) = postSolution
		SolutionGuid = {E370D222-DA0F-407A-887B-E628F35F273D}
	EndGlobalSection
EndGlobal
